
Microsoft Visual Studio Solution File, Format Version 12.00
# Visual Studio Version 16
VisualStudioVersion = 16.0.30517.126
MinimumVisualStudioVersion = 10.0.40219.1
Project("{FAE04EC0-301F-11D3-BF4B-00C04F79EFBC}") = "SiriLavMad", "SiriLavMad\SiriLavMad.csproj", "{2FD62590-934B-4180-B183-A06C787423CB}"
EndProject
Global
	GlobalSection(SolutionConfigurationPlatforms) = preSolution
		Debug|Any CPU = Debug|Any CPU
		Release|Any CPU = Release|Any CPU
	EndGlobalSection
	GlobalSection(ProjectConfigurationPlatforms) = postSolution
		{2FD62590-934B-4180-B183-A06C787423CB}.Debug|Any CPU.ActiveCfg = Debug|Any CPU
		{2FD62590-934B-4180-B183-A06C787423CB}.Debug|Any CPU.Build.0 = Debug|Any CPU
		{2FD62590-934B-4180-B183-A06C787423CB}.Release|Any CPU.ActiveCfg = Release|Any CPU
		{2FD62590-934B-4180-B183-A06C787423CB}.Release|Any CPU.Build.0 = Release|Any CPU
	EndGlobalSection
	GlobalSection(SolutionProperties) = preSolution
		HideSolutionNode = FALSE
	EndGlobalSection
	GlobalSection(ExtensibilityGlobals) = postSolution
		SolutionGuid = {920E5906-82B6-4FA5-BC7B-FFBEC4A964AA}
	EndGlobalSection
EndGlobal
