
Microsoft Visual Studio Solution File, Format Version 12.00
# Visual Studio Version 16
VisualStudioVersion = 16.0.30503.244
MinimumVisualStudioVersion = 10.0.40219.1
Project("{888888A0-9F3D-457C-B088-3A5042F75D52}") = "PythonApplication", "PythonApplication\PythonApplication.pyproj", "{712F14D9-DB61-47D2-A8EF-265811CE3BDB}"
EndProject
Project("{9A19103F-16F7-4668-BE54-9A1E7A4F7556}") = "SiriLavMad", "..\SiriLavMad\SiriLavMad.csproj", "{45BB62F5-D66D-4CB4-8B05-C0C298287CEE}"
EndProject
Project("{9A19103F-16F7-4668-BE54-9A1E7A4F7556}") = "UDP Receiver Broadcast", "..\UDP Receiver Broadcast\UDP Receiver Broadcast.csproj", "{9B93A6DA-0326-4EAC-A004-A9112B2A6343}"
EndProject
Global
	GlobalSection(SolutionConfigurationPlatforms) = preSolution
		Debug|Any CPU = Debug|Any CPU
		Release|Any CPU = Release|Any CPU
	EndGlobalSection
	GlobalSection(ProjectConfigurationPlatforms) = postSolution
		{712F14D9-DB61-47D2-A8EF-265811CE3BDB}.Debug|Any CPU.ActiveCfg = Debug|Any CPU
		{712F14D9-DB61-47D2-A8EF-265811CE3BDB}.Release|Any CPU.ActiveCfg = Release|Any CPU
		{45BB62F5-D66D-4CB4-8B05-C0C298287CEE}.Debug|Any CPU.ActiveCfg = Debug|Any CPU
		{45BB62F5-D66D-4CB4-8B05-C0C298287CEE}.Debug|Any CPU.Build.0 = Debug|Any CPU
		{45BB62F5-D66D-4CB4-8B05-C0C298287CEE}.Release|Any CPU.ActiveCfg = Release|Any CPU
		{45BB62F5-D66D-4CB4-8B05-C0C298287CEE}.Release|Any CPU.Build.0 = Release|Any CPU
		{9B93A6DA-0326-4EAC-A004-A9112B2A6343}.Debug|Any CPU.ActiveCfg = Debug|Any CPU
		{9B93A6DA-0326-4EAC-A004-A9112B2A6343}.Debug|Any CPU.Build.0 = Debug|Any CPU
		{9B93A6DA-0326-4EAC-A004-A9112B2A6343}.Release|Any CPU.ActiveCfg = Release|Any CPU
		{9B93A6DA-0326-4EAC-A004-A9112B2A6343}.Release|Any CPU.Build.0 = Release|Any CPU
	EndGlobalSection
	GlobalSection(SolutionProperties) = preSolution
		HideSolutionNode = FALSE
	EndGlobalSection
	GlobalSection(ExtensibilityGlobals) = postSolution
		SolutionGuid = {52E33781-BB8E-4556-B02A-8600298B3BF1}
	EndGlobalSection
EndGlobal
